version = 1
requires-python = ">=3.12"

[[package]]
name = "confluent-kafka"
version = "2.6.0"
source = { registry = "https://pypi.org/simple" }
sdist = { url = "https://files.pythonhosted.org/packages/cf/b0/164b7e8afb80bf5ff7fc25f793b37f6e5cc118d05fbd6b5e6d4a484a7634/confluent-kafka-2.6.0.tar.gz", hash = "sha256:f7afe69639bd2ab15404dd46a76e06213342a23cb5642d873342847cb2198c87", size = 138921 }
wheels = [
    { url = "https://files.pythonhosted.org/packages/76/8c/cf83fc6f1e132104c9784e00791728e466ae3274bc14ad23a7ead89614b0/confluent_kafka-2.6.0-cp312-cp312-macosx_10_9_x86_64.whl", hash = "sha256:7d14f70ca8c8435116119cf343028aa98987badb7ef06f1a37b480074b15ba64", size = 3421987 },
    { url = "https://files.pythonhosted.org/packages/b6/a1/fd57977526144eab4520f326ff8dd74dd9546316d4f5399fe766db32b457/confluent_kafka-2.6.0-cp312-cp312-macosx_11_0_arm64.whl", hash = "sha256:6c7d7161d6e68ffc7497e4768c30654151319edb6637739ac64e857a404fe531", size = 2952464 },
    { url = "https://files.pythonhosted.org/packages/a0/be/9b734661abfb6420652f1b95e0735af44ca1f43f358fa7e2bb8a3493a8e3/confluent_kafka-2.6.0-cp312-cp312-manylinux_2_28_aarch64.whl", hash = "sha256:7189a64a0a829f391e65167de39234904ab374a6d453f6017f9287adb45cd469", size = 15141327 },
    { url = "https://files.pythonhosted.org/packages/d1/86/0ce792fa47e39d411cc5dd569081bdf60b74084f729bab335209e9a2bddf/confluent_kafka-2.6.0-cp312-cp312-manylinux_2_28_x86_64.whl", hash = "sha256:2a685e1c14b5cb20a8567cb42b762021488fce95c770cf6b1d3a4f175d9aaaac", size = 3937234 },
    { url = "https://files.pythonhosted.org/packages/f7/c8/5baa189c122dba8c7093dede3ef100cea819f117d8dc6d45dbbc20b698c4/confluent_kafka-2.6.0-cp312-cp312-win_amd64.whl", hash = "sha256:e9e4b279852b1c3f6457ee00245327cfe6023b3271b01e5ae73d3995cb7dfee4", size = 3559616 },
    { url = "https://files.pythonhosted.org/packages/f0/fe/df63602cc3eca6d0eb013815669769d41557a756d3c8155a0efec10b7249/confluent_kafka-2.6.0-cp313-cp313-macosx_13_0_arm64.whl", hash = "sha256:d17a8014a153c719d1b8a742c285a98aa96f482a78f09ebc0aedc593ae8bea29", size = 2954138 },
    { url = "https://files.pythonhosted.org/packages/ef/df/61a2b45036f8f6849659c78fd82b53c91d60bbdf23b33da19ad5f1bd9534/confluent_kafka-2.6.0-cp313-cp313-macosx_13_0_x86_64.whl", hash = "sha256:ab6607603806dc05f3671a249c7bed3821321b58af151f9bc1b3cfd73bb526d8", size = 3422582 },
    { url = "https://files.pythonhosted.org/packages/68/eb/2077808c9f16e1eec4ac0e10201d7ddc410bba6c9869a7e676d5ca1ee1c8/confluent_kafka-2.6.0-cp313-cp313-manylinux_2_28_aarch64.whl", hash = "sha256:e46fbc61d36752b4a6d6c48e042dd2e10c7c2c4f00e51033fd8e3d435a2ee44c", size = 15141236 },
    { url = "https://files.pythonhosted.org/packages/9d/ef/9d3df62b2798df5baa62a5e957d7b9f8bd94b57ec11065db6d92f9793c7e/confluent_kafka-2.6.0-cp313-cp313-manylinux_2_28_x86_64.whl", hash = "sha256:e36d8b924ed884e0eabbdb22519c059b528953358c739e0f6c0510e447260402", size = 3936993 },
    { url = "https://files.pythonhosted.org/packages/45/7b/f572aa77f4c735f7966f7fa68d805df2c63819f775b42645be971e9061da/confluent_kafka-2.6.0-cp313-cp313-win_amd64.whl", hash = "sha256:47b9f8497938c75036f3dd124da50cb56599ae7c238803bfe2a52ed5b6cda197", size = 3611200 },
]

[[package]]
name = "python-dotenv"
version = "1.0.1"
source = { registry = "https://pypi.org/simple" }
sdist = { url = "https://files.pythonhosted.org/packages/bc/57/e84d88dfe0aec03b7a2d4327012c1627ab5f03652216c63d49846d7a6c58/python-dotenv-1.0.1.tar.gz", hash = "sha256:e324ee90a023d808f1959c46bcbc04446a10ced277783dc6ee09987c37ec10ca", size = 39115 }
wheels = [
    { url = "https://files.pythonhosted.org/packages/6a/3e/b68c118422ec867fa7ab88444e1274aa40681c606d59ac27de5a5588f082/python_dotenv-1.0.1-py3-none-any.whl", hash = "sha256:f7b63ef50f1b690dddf550d03497b66d609393b40b564ed0d674909a68ebf16a", size = 19863 },
]

[[package]]
name = "somos-juntos-case"
version = "0.1.0"
source = { virtual = "." }
dependencies = [
    { name = "confluent-kafka" },
    { name = "python-dotenv" },
]

[package.metadata]
requires-dist = [
    { name = "confluent-kafka", specifier = ">=2.6.0" },
    { name = "python-dotenv", specifier = ">=1.0.1" },
]
